
Microsoft Visual Studio Solution File, Format Version 12.00
# Visual Studio Version 17
VisualStudioVersion = 17.4.33205.214
MinimumVisualStudioVersion = 10.0.40219.1
Project("{FAE04EC0-301F-11D3-BF4B-00C04F79EFBC}") = "StratumUi.Wpf.Framework", "StratumUi.Wpf.Framework\StratumUi.Wpf.Framework.csproj", "{6C2FAEC1-B2D4-4C00-BD89-DD7122C5F43A}"
EndProject
Project("{FAE04EC0-301F-11D3-BF4B-00C04F79EFBC}") = "StratumUi.Test.Framework", "StratumUi.Test.Framework\StratumUi.Test.Framework.csproj", "{86B03077-467E-4780-8FF7-58BE15F67675}"
EndProject
Project("{FAE04EC0-301F-11D3-BF4B-00C04F79EFBC}") = "StratumUi.Wpf.Core", "StratumUi.Wpf.Core\StratumUi.Wpf.Core.csproj", "{38FBD471-D28B-4821-B733-7194A8B636F6}"
EndProject
Project("{FAE04EC0-301F-11D3-BF4B-00C04F79EFBC}") = "StratumUi.Test.Core", "StratumUi.Test.Core\StratumUi.Test.Core.csproj", "{D8097E28-BD4B-4775-ADEA-7FDEF330CA15}"
EndProject
Global
	GlobalSection(SolutionConfigurationPlatforms) = preSolution
		Debug|Any CPU = Debug|Any CPU
		Release|Any CPU = Release|Any CPU
	EndGlobalSection
	GlobalSection(ProjectConfigurationPlatforms) = postSolution
		{6C2FAEC1-B2D4-4C00-BD89-DD7122C5F43A}.Debug|Any CPU.ActiveCfg = Debug|Any CPU
		{6C2FAEC1-B2D4-4C00-BD89-DD7122C5F43A}.Debug|Any CPU.Build.0 = Debug|Any CPU
		{6C2FAEC1-B2D4-4C00-BD89-DD7122C5F43A}.Release|Any CPU.ActiveCfg = Release|Any CPU
		{6C2FAEC1-B2D4-4C00-BD89-DD7122C5F43A}.Release|Any CPU.Build.0 = Release|Any CPU
		{86B03077-467E-4780-8FF7-58BE15F67675}.Debug|Any CPU.ActiveCfg = Debug|Any CPU
		{86B03077-467E-4780-8FF7-58BE15F67675}.Debug|Any CPU.Build.0 = Debug|Any CPU
		{86B03077-467E-4780-8FF7-58BE15F67675}.Release|Any CPU.ActiveCfg = Release|Any CPU
		{86B03077-467E-4780-8FF7-58BE15F67675}.Release|Any CPU.Build.0 = Release|Any CPU
		{38FBD471-D28B-4821-B733-7194A8B636F6}.Debug|Any CPU.ActiveCfg = Debug|Any CPU
		{38FBD471-D28B-4821-B733-7194A8B636F6}.Debug|Any CPU.Build.0 = Debug|Any CPU
		{38FBD471-D28B-4821-B733-7194A8B636F6}.Release|Any CPU.ActiveCfg = Release|Any CPU
		{38FBD471-D28B-4821-B733-7194A8B636F6}.Release|Any CPU.Build.0 = Release|Any CPU
		{D8097E28-BD4B-4775-ADEA-7FDEF330CA15}.Debug|Any CPU.ActiveCfg = Debug|Any CPU
		{D8097E28-BD4B-4775-ADEA-7FDEF330CA15}.Debug|Any CPU.Build.0 = Debug|Any CPU
		{D8097E28-BD4B-4775-ADEA-7FDEF330CA15}.Release|Any CPU.ActiveCfg = Release|Any CPU
		{D8097E28-BD4B-4775-ADEA-7FDEF330CA15}.Release|Any CPU.Build.0 = Release|Any CPU
	EndGlobalSection
	GlobalSection(SolutionProperties) = preSolution
		HideSolutionNode = FALSE
	EndGlobalSection
	GlobalSection(ExtensibilityGlobals) = postSolution
		SolutionGuid = {989856D4-22C1-4616-8A44-4BD1AD842AC9}
	EndGlobalSection
EndGlobal
